
Microsoft Visual Studio Solution File, Format Version 12.00
# Visual Studio Version 17
VisualStudioVersion = 17.5.33414.496
MinimumVisualStudioVersion = 10.0.40219.1
Project("{FAE04EC0-301F-11D3-BF4B-00C04F79EFBC}") = "NavMeshStudio", "NavMeshStudio.csproj", "{1C8AA14F-9DB0-406D-82A2-2E9BEBDD8D37}"
EndProject
Global
	GlobalSection(SolutionConfigurationPlatforms) = preSolution
		Debug|Any CPU = Debug|Any CPU
		Release|Any CPU = Release|Any CPU
	EndGlobalSection
	GlobalSection(ProjectConfigurationPlatforms) = postSolution
		{1C8AA14F-9DB0-406D-82A2-2E9BEBDD8D37}.Debug|Any CPU.ActiveCfg = Debug|Any CPU
		{1C8AA14F-9DB0-406D-82A2-2E9BEBDD8D37}.Debug|Any CPU.Build.0 = Debug|Any CPU
		{1C8AA14F-9DB0-406D-82A2-2E9BEBDD8D37}.Release|Any CPU.ActiveCfg = Release|Any CPU
		{1C8AA14F-9DB0-406D-82A2-2E9BEBDD8D37}.Release|Any CPU.Build.0 = Release|Any CPU
	EndGlobalSection
	GlobalSection(SolutionProperties) = preSolution
		HideSolutionNode = FALSE
	EndGlobalSection
	GlobalSection(ExtensibilityGlobals) = postSolution
		SolutionGuid = {A6737520-FA80-4C54-AF98-9702233591A3}
	EndGlobalSection
EndGlobal
